# THIS IS AN AUTOGENERATED FILE. DO NOT EDIT THIS FILE DIRECTLY.
# yarn lockfile v1


minipass@^3.0.0:
  version "3.0.1"
  resolved "https://registry.yarnpkg.com/minipass/-/minipass-3.0.1.tgz#b4fec73bd61e8a40f0b374ddd04260ade2c8ec20"
  integrity sha512-2y5okJ4uBsjoD2vAbLKL9EUQPPkC0YMIp+2mZOXG3nBba++pdfJWRxx2Ewirc0pwAJYu4XtWg2EkVo1nRXuO/w==
  dependencies:
    yallist "^4.0.0"

minizlib@^2.1.0:
  version "2.1.0"
  resolved "https://registry.yarnpkg.com/minizlib/-/minizlib-2.1.0.tgz#fd52c645301ef09a63a2c209697c294c6ce02cf3"
  integrity sha512-EzTZN/fjSvifSX0SlqUERCN39o6T40AMarPbv0MrarSFtIITCBh7bi+dU8nxGFHuqs9jdIAeoYoKuQAAASsPPA==
  dependencies:
    minipass "^3.0.0"
    yallist "^4.0.0"

yallist@^4.0.0:
  version "4.0.0"
  resolved "https://registry.yarnpkg.com/yallist/-/yallist-4.0.0.tgz#9bb92790d9c0effec63be73519e11a35019a3a72"
  integrity sha512-3wdGidZyq5PB084XLES5TpOSRA3wjXAlIWMhum2kRcv/41Sn2emQ0dycQW4uZXLejwKvg6EsvbdlVL+FYEct7A==
